
Microsoft Visual Studio Solution File, Format Version 12.00
# Visual Studio Version 17
VisualStudioVersion = 17.14.36908.2 d17.14
MinimumVisualStudioVersion = 10.0.40219.1
Project("{FAE04EC0-301F-11D3-BF4B-00C04F79EFBC}") = "Beachresortsystem", "Beachresortsystem\Beachresortsystem.csproj", "{15592704-A176-4090-98EB-F51A8EEDF227}"
EndProject
Global
	GlobalSection(SolutionConfigurationPlatforms) = preSolution
		Debug|Any CPU = Debug|Any CPU
		Release|Any CPU = Release|Any CPU
	EndGlobalSection
	GlobalSection(ProjectConfigurationPlatforms) = postSolution
		{15592704-A176-4090-98EB-F51A8EEDF227}.Debug|Any CPU.ActiveCfg = Debug|Any CPU
		{15592704-A176-4090-98EB-F51A8EEDF227}.Debug|Any CPU.Build.0 = Debug|Any CPU
		{15592704-A176-4090-98EB-F51A8EEDF227}.Release|Any CPU.ActiveCfg = Release|Any CPU
		{15592704-A176-4090-98EB-F51A8EEDF227}.Release|Any CPU.Build.0 = Release|Any CPU
	EndGlobalSection
	GlobalSection(SolutionProperties) = preSolution
		HideSolutionNode = FALSE
	EndGlobalSection
	GlobalSection(ExtensibilityGlobals) = postSolution
		SolutionGuid = {FDA6DB29-006F-4FB6-8FD6-319E73B14B58}
	EndGlobalSection
EndGlobal
